
Microsoft Visual Studio Solution File, Format Version 12.00
# Visual Studio 2012
Project("{2150E333-8FDC-42A3-9474-1A3956D46DE8}") = "External", "External", "{C608B292-D31E-4C76-ACB3-3983E5FA8D3E}"
EndProject
Project("{8BC9CEB8-8B4A-11D0-8D11-00A0C91BC942}") = "Core", "Sources\CPP\Core\Core.vcxproj", "{AB13FEBB-6C94-4F93-BC2A-7F5284B7D434}"
EndProject
Project("{8BC9CEB8-8B4A-11D0-8D11-00A0C91BC942}") = "Game", "Sources\CPP\Game\Game.vcxproj", "{2CC634A7-6C94-4F93-BC2A-7F5284B7D434}"
EndProject
Project("{8BC9CEB8-8B4A-11D0-8D11-00A0C91BC942}") = "GameEngine", "Sources\CPP\GameEngine\GameEngine.vcxproj", "{4291EEB6-6C94-4F93-BC2A-7F5284B7D434}"
EndProject
Project("{2150E333-8FDC-42A3-9474-1A3956D46DE8}") = "Build", "Build", "{9DEBEB1C-F278-405A-8D26-933F92B14A3D}"
	ProjectSection(SolutionItems) = preProject
		Build\_solution_path.bff = Build\_solution_path.bff
		Build\adjusted_configurations.bff = Build\adjusted_configurations.bff
		Build\adjusted_configurations_aliases.bff = Build\adjusted_configurations_aliases.bff
		Build\FBuild_Configurations.bff = Build\FBuild_Configurations.bff
		Build\game_exe.bff = Build\game_exe.bff
		Build\generic_dll.bff = Build\generic_dll.bff
		Build\generic_exe_resources.bff = Build\generic_exe_resources.bff
		Build\generic_lib.bff = Build\generic_lib.bff
		Build\generic_lib_specific_files.bff = Build\generic_lib_specific_files.bff
		Build\generic_lib_unity.bff = Build\generic_lib_unity.bff
		Build\generic_lib_unity_additional_paths.bff = Build\generic_lib_unity_additional_paths.bff
	EndProjectSection
EndProject
Global
	GlobalSection(SolutionConfigurationPlatforms) = preSolution
		Debug|Win32 = Debug|Win32
		Debug|x64 = Debug|x64
		Release|Win32 = Release|Win32
		Release|x64 = Release|x64
	EndGlobalSection
	GlobalSection(ProjectConfigurationPlatforms) = postSolution
		{AB13FEBB-6C94-4F93-BC2A-7F5284B7D434}.Debug|Win32.ActiveCfg = Debug|Win32
		{AB13FEBB-6C94-4F93-BC2A-7F5284B7D434}.Debug|Win32.Build.0 = Debug|Win32
		{AB13FEBB-6C94-4F93-BC2A-7F5284B7D434}.Debug|x64.ActiveCfg = Debug|x64
		{AB13FEBB-6C94-4F93-BC2A-7F5284B7D434}.Debug|x64.Build.0 = Debug|x64
		{AB13FEBB-6C94-4F93-BC2A-7F5284B7D434}.Release|Win32.ActiveCfg = Release|Win32
		{AB13FEBB-6C94-4F93-BC2A-7F5284B7D434}.Release|Win32.Build.0 = Release|Win32
		{AB13FEBB-6C94-4F93-BC2A-7F5284B7D434}.Release|x64.ActiveCfg = Release|x64
		{AB13FEBB-6C94-4F93-BC2A-7F5284B7D434}.Release|x64.Build.0 = Release|x64
		{2CC634A7-6C94-4F93-BC2A-7F5284B7D434}.Debug|Win32.ActiveCfg = Debug|Win32
		{2CC634A7-6C94-4F93-BC2A-7F5284B7D434}.Debug|Win32.Build.0 = Debug|Win32
		{2CC634A7-6C94-4F93-BC2A-7F5284B7D434}.Debug|x64.ActiveCfg = Debug|x64
		{2CC634A7-6C94-4F93-BC2A-7F5284B7D434}.Debug|x64.Build.0 = Debug|x64
		{2CC634A7-6C94-4F93-BC2A-7F5284B7D434}.Release|Win32.ActiveCfg = Release|Win32
		{2CC634A7-6C94-4F93-BC2A-7F5284B7D434}.Release|Win32.Build.0 = Release|Win32
		{2CC634A7-6C94-4F93-BC2A-7F5284B7D434}.Release|x64.ActiveCfg = Release|x64
		{2CC634A7-6C94-4F93-BC2A-7F5284B7D434}.Release|x64.Build.0 = Release|x64
		{4291EEB6-6C94-4F93-BC2A-7F5284B7D434}.Debug|Win32.ActiveCfg = Debug|Win32
		{4291EEB6-6C94-4F93-BC2A-7F5284B7D434}.Debug|Win32.Build.0 = Debug|Win32
		{4291EEB6-6C94-4F93-BC2A-7F5284B7D434}.Debug|x64.ActiveCfg = Debug|x64
		{4291EEB6-6C94-4F93-BC2A-7F5284B7D434}.Debug|x64.Build.0 = Debug|x64
		{4291EEB6-6C94-4F93-BC2A-7F5284B7D434}.Release|Win32.ActiveCfg = Release|Win32
		{4291EEB6-6C94-4F93-BC2A-7F5284B7D434}.Release|Win32.Build.0 = Release|Win32
		{4291EEB6-6C94-4F93-BC2A-7F5284B7D434}.Release|x64.ActiveCfg = Release|x64
		{4291EEB6-6C94-4F93-BC2A-7F5284B7D434}.Release|x64.Build.0 = Release|x64
	EndGlobalSection
	GlobalSection(SolutionProperties) = preSolution
		HideSolutionNode = FALSE
	EndGlobalSection
EndGlobal
